
Microsoft Visual Studio Solution File, Format Version 12.00
# Visual Studio Version 17
VisualStudioVersion = 17.0.31903.59
MinimumVisualStudioVersion = 10.0.40219.1
Project("{FAE04EC0-301F-11D3-BF4B-00C04F79EFBC}") = "Domain", "Domain\Domain.csproj", "{FA62BBD7-03A7-48A0-8D02-7837584C0084}"
EndProject
Project("{FAE04EC0-301F-11D3-BF4B-00C04F79EFBC}") = "Application", "Application\Application.csproj", "{B15C217B-AE55-4783-8C6F-4A7CE3CFE787}"
EndProject
Project("{FAE04EC0-301F-11D3-BF4B-00C04F79EFBC}") = "Infrastructure", "Ingfrastructure\Infrastructure.csproj", "{05872AE2-3D68-4D4A-B0F8-AB452589FD25}"
EndProject
Project("{FAE04EC0-301F-11D3-BF4B-00C04F79EFBC}") = "Api", "Api\Api.csproj", "{DC3D276B-2392-4099-ABE9-A3B3F47AB447}"
EndProject
Global
	GlobalSection(SolutionConfigurationPlatforms) = preSolution
		Debug|Any CPU = Debug|Any CPU
		Debug|x64 = Debug|x64
		Debug|x86 = Debug|x86
		Release|Any CPU = Release|Any CPU
		Release|x64 = Release|x64
		Release|x86 = Release|x86
	EndGlobalSection
	GlobalSection(ProjectConfigurationPlatforms) = postSolution
		{FA62BBD7-03A7-48A0-8D02-7837584C0084}.Debug|Any CPU.ActiveCfg = Debug|Any CPU
		{FA62BBD7-03A7-48A0-8D02-7837584C0084}.Debug|Any CPU.Build.0 = Debug|Any CPU
		{FA62BBD7-03A7-48A0-8D02-7837584C0084}.Debug|x64.ActiveCfg = Debug|Any CPU
		{FA62BBD7-03A7-48A0-8D02-7837584C0084}.Debug|x64.Build.0 = Debug|Any CPU
		{FA62BBD7-03A7-48A0-8D02-7837584C0084}.Debug|x86.ActiveCfg = Debug|Any CPU
		{FA62BBD7-03A7-48A0-8D02-7837584C0084}.Debug|x86.Build.0 = Debug|Any CPU
		{FA62BBD7-03A7-48A0-8D02-7837584C0084}.Release|Any CPU.ActiveCfg = Release|Any CPU
		{FA62BBD7-03A7-48A0-8D02-7837584C0084}.Release|Any CPU.Build.0 = Release|Any CPU
		{FA62BBD7-03A7-48A0-8D02-7837584C0084}.Release|x64.ActiveCfg = Release|Any CPU
		{FA62BBD7-03A7-48A0-8D02-7837584C0084}.Release|x64.Build.0 = Release|Any CPU
		{FA62BBD7-03A7-48A0-8D02-7837584C0084}.Release|x86.ActiveCfg = Release|Any CPU
		{FA62BBD7-03A7-48A0-8D02-7837584C0084}.Release|x86.Build.0 = Release|Any CPU
		{B15C217B-AE55-4783-8C6F-4A7CE3CFE787}.Debug|Any CPU.ActiveCfg = Debug|Any CPU
		{B15C217B-AE55-4783-8C6F-4A7CE3CFE787}.Debug|Any CPU.Build.0 = Debug|Any CPU
		{B15C217B-AE55-4783-8C6F-4A7CE3CFE787}.Debug|x64.ActiveCfg = Debug|Any CPU
		{B15C217B-AE55-4783-8C6F-4A7CE3CFE787}.Debug|x64.Build.0 = Debug|Any CPU
		{B15C217B-AE55-4783-8C6F-4A7CE3CFE787}.Debug|x86.ActiveCfg = Debug|Any CPU
		{B15C217B-AE55-4783-8C6F-4A7CE3CFE787}.Debug|x86.Build.0 = Debug|Any CPU
		{B15C217B-AE55-4783-8C6F-4A7CE3CFE787}.Release|Any CPU.ActiveCfg = Release|Any CPU
		{B15C217B-AE55-4783-8C6F-4A7CE3CFE787}.Release|Any CPU.Build.0 = Release|Any CPU
		{B15C217B-AE55-4783-8C6F-4A7CE3CFE787}.Release|x64.ActiveCfg = Release|Any CPU
		{B15C217B-AE55-4783-8C6F-4A7CE3CFE787}.Release|x64.Build.0 = Release|Any CPU
		{B15C217B-AE55-4783-8C6F-4A7CE3CFE787}.Release|x86.ActiveCfg = Release|Any CPU
		{B15C217B-AE55-4783-8C6F-4A7CE3CFE787}.Release|x86.Build.0 = Release|Any CPU
		{05872AE2-3D68-4D4A-B0F8-AB452589FD25}.Debug|Any CPU.ActiveCfg = Debug|Any CPU
		{05872AE2-3D68-4D4A-B0F8-AB452589FD25}.Debug|Any CPU.Build.0 = Debug|Any CPU
		{05872AE2-3D68-4D4A-B0F8-AB452589FD25}.Debug|x64.ActiveCfg = Debug|Any CPU
		{05872AE2-3D68-4D4A-B0F8-AB452589FD25}.Debug|x64.Build.0 = Debug|Any CPU
		{05872AE2-3D68-4D4A-B0F8-AB452589FD25}.Debug|x86.ActiveCfg = Debug|Any CPU
		{05872AE2-3D68-4D4A-B0F8-AB452589FD25}.Debug|x86.Build.0 = Debug|Any CPU
		{05872AE2-3D68-4D4A-B0F8-AB452589FD25}.Release|Any CPU.ActiveCfg = Release|Any CPU
		{05872AE2-3D68-4D4A-B0F8-AB452589FD25}.Release|Any CPU.Build.0 = Release|Any CPU
		{05872AE2-3D68-4D4A-B0F8-AB452589FD25}.Release|x64.ActiveCfg = Release|Any CPU
		{05872AE2-3D68-4D4A-B0F8-AB452589FD25}.Release|x64.Build.0 = Release|Any CPU
		{05872AE2-3D68-4D4A-B0F8-AB452589FD25}.Release|x86.ActiveCfg = Release|Any CPU
		{05872AE2-3D68-4D4A-B0F8-AB452589FD25}.Release|x86.Build.0 = Release|Any CPU
		{DC3D276B-2392-4099-ABE9-A3B3F47AB447}.Debug|Any CPU.ActiveCfg = Debug|Any CPU
		{DC3D276B-2392-4099-ABE9-A3B3F47AB447}.Debug|Any CPU.Build.0 = Debug|Any CPU
		{DC3D276B-2392-4099-ABE9-A3B3F47AB447}.Debug|x64.ActiveCfg = Debug|Any CPU
		{DC3D276B-2392-4099-ABE9-A3B3F47AB447}.Debug|x64.Build.0 = Debug|Any CPU
		{DC3D276B-2392-4099-ABE9-A3B3F47AB447}.Debug|x86.ActiveCfg = Debug|Any CPU
		{DC3D276B-2392-4099-ABE9-A3B3F47AB447}.Debug|x86.Build.0 = Debug|Any CPU
		{DC3D276B-2392-4099-ABE9-A3B3F47AB447}.Release|Any CPU.ActiveCfg = Release|Any CPU
		{DC3D276B-2392-4099-ABE9-A3B3F47AB447}.Release|Any CPU.Build.0 = Release|Any CPU
		{DC3D276B-2392-4099-ABE9-A3B3F47AB447}.Release|x64.ActiveCfg = Release|Any CPU
		{DC3D276B-2392-4099-ABE9-A3B3F47AB447}.Release|x64.Build.0 = Release|Any CPU
		{DC3D276B-2392-4099-ABE9-A3B3F47AB447}.Release|x86.ActiveCfg = Release|Any CPU
		{DC3D276B-2392-4099-ABE9-A3B3F47AB447}.Release|x86.Build.0 = Release|Any CPU
	EndGlobalSection
	GlobalSection(SolutionProperties) = preSolution
		HideSolutionNode = FALSE
	EndGlobalSection
EndGlobal
